PODS:
  - connectivity (0.0.1):
    - Flutter
    - Reachability
  - Countly (20.04.3):
    - Countly/Core (= 20.04.3)
  - Countly/Core (20.04.3)
  - countly_flutter (0.0.1):
    - Countly (= 20.04.3)
    - Flutter
  - Flutter (1.0.0)
  - flutter_inappwebview (0.0.1):
    - Flutter
    - flutter_inappwebview/Core (= 0.0.1)
    - OrderedSet (~> 5.0)
  - flutter_inappwebview/Core (0.0.1):
    - Flutter
    - OrderedSet (~> 5.0)
  - flutter_webview_plugin (0.0.1):
    - Flutter
  - install_plugin (0.0.1):
    - Flutter
  - OrderedSet (5.0.0)
  - path_provider (0.0.1):
    - Flutter
  - plain_notification_token (0.0.1):
    - Flutter
  - Reachability (3.2)
  - save_in_gallery (0.0.1):
    - Flutter
  - share_extend (0.0.1):
    - Flutter
  - url_launcher (0.0.1):
    - Flutter
  - webview_cookie_manager (0.0.1):
    - Flutter
  - wifi_ip (0.0.1):
    - Flutter

DEPENDENCIES:
  - connectivity (from `.symlinks/plugins/connectivity/ios`)
  - countly_flutter (from `.symlinks/plugins/countly_flutter/ios`)
  - Flutter (from `Flutter`)
  - flutter_inappwebview (from `.symlinks/plugins/flutter_inappwebview/ios`)
  - flutter_webview_plugin (from `.symlinks/plugins/flutter_webview_plugin/ios`)
  - install_plugin (from `.symlinks/plugins/install_plugin/ios`)
  - path_provider (from `.symlinks/plugins/path_provider/ios`)
  - plain_notification_token (from `.symlinks/plugins/plain_notification_token/ios`)
  - save_in_gallery (from `.symlinks/plugins/save_in_gallery/ios`)
  - share_extend (from `.symlinks/plugins/share_extend/ios`)
  - url_launcher (from `.symlinks/plugins/url_launcher/ios`)
  - webview_cookie_manager (from `.symlinks/plugins/webview_cookie_manager/ios`)
  - wifi_ip (from `.symlinks/plugins/wifi_ip/ios`)

SPEC REPOS:
  trunk:
    - Countly
    - OrderedSet
    - Reachability

EXTERNAL SOURCES:
  connectivity:
    :path: ".symlinks/plugins/connectivity/ios"
  countly_flutter:
    :path: ".symlinks/plugins/countly_flutter/ios"
  Flutter:
    :path: Flutter
  flutter_inappwebview:
    :path: ".symlinks/plugins/flutter_inappwebview/ios"
  flutter_webview_plugin:
    :path: ".symlinks/plugins/flutter_webview_plugin/ios"
  install_plugin:
    :path: ".symlinks/plugins/install_plugin/ios"
  path_provider:
    :path: ".symlinks/plugins/path_provider/ios"
  plain_notification_token:
    :path: ".symlinks/plugins/plain_notification_token/ios"
  save_in_gallery:
    :path: ".symlinks/plugins/save_in_gallery/ios"
  share_extend:
    :path: ".symlinks/plugins/share_extend/ios"
  url_launcher:
    :path: ".symlinks/plugins/url_launcher/ios"
  webview_cookie_manager:
    :path: ".symlinks/plugins/webview_cookie_manager/ios"
  wifi_ip:
    :path: ".symlinks/plugins/wifi_ip/ios"

SPEC CHECKSUMS:
  connectivity: c4130b2985d4ef6fd26f9702e886bd5260681467
  Countly: 6e4af408faaa26192227f06d27899532c4c2317b
  countly_flutter: 4c090d7f5893e02e94896ea9f9f16d0267156fdb
  Flutter: 434fef37c0980e73bb6479ef766c45957d4b510c
  flutter_inappwebview: bfd58618f49dc62f2676de690fc6dcda1d6c3721
  flutter_webview_plugin: ed9e8a6a96baf0c867e90e1bce2673913eeac694
  install_plugin: a13e7ddd2bab0c701b48cd359c26d0394125b6fb
  OrderedSet: aaeb196f7fef5a9edf55d89760da9176ad40b93c
  path_provider: abfe2b5c733d04e238b0d8691db0cfd63a27a93c
  plain_notification_token: b36467dc91939a7b6754267c701bbaca14996ee1
  Reachability: 33e18b67625424e47b6cde6d202dce689ad7af96
  save_in_gallery: 75c1d76566ed1af3a266f25b38c6c19a1d019a66
  share_extend: b6748dc53695587891126a89533b862b92548c7b
  url_launcher: 6fef411d543ceb26efce54b05a0a40bfd74cbbef
  webview_cookie_manager: eaf920722b493bd0f7611b5484771ca53fed03f7
  wifi_ip: a97652dceba35b28465dcf89781f300c91f22de7

PODFILE CHECKSUM: e78b533fd58876e6615751f61a49d346b8e35f08

COCOAPODS: 1.10.1
