PODS:
  - alice (0.0.1):
    - Flutter
  - connectivity (0.0.1):
    - Flutter
    - Reachability
  - countly_flutter (20.11.4):
    - Flutter
  - external_app_launcher2 (0.0.1):
    - Flutter
  - Flutter (1.0.0)
  - flutter_inappwebview (0.0.1):
    - Flutter
    - flutter_inappwebview/Core (= 0.0.1)
    - OrderedSet (~> 5.0)
  - flutter_inappwebview/Core (0.0.1):
    - Flutter
    - OrderedSet (~> 5.0)
  - flutter_webview_plugin (0.0.1):
    - Flutter
  - home_widget (0.0.1):
    - Flutter
  - install_plugin (0.0.1):
    - Flutter
  - OrderedSet (5.0.0)
  - path_provider (0.0.1):
    - Flutter
  - plain_notification_token (0.0.1):
    - Flutter
  - Reachability (3.2)
  - save_in_gallery (0.0.1):
    - Flutter
  - share_extend (0.0.1):
    - Flutter
  - url_launcher (0.0.1):
    - Flutter
  - webview_cookie_manager (0.0.1):
    - Flutter
  - wifi_ip (0.0.1):
    - Flutter

DEPENDENCIES:
  - alice (from `.symlinks/plugins/alice/ios`)
  - connectivity (from `.symlinks/plugins/connectivity/ios`)
  - countly_flutter (from `.symlinks/plugins/countly_flutter/ios`)
  - external_app_launcher2 (from `.symlinks/plugins/external_app_launcher2/ios`)
  - Flutter (from `Flutter`)
  - flutter_inappwebview (from `.symlinks/plugins/flutter_inappwebview/ios`)
  - flutter_webview_plugin (from `.symlinks/plugins/flutter_webview_plugin/ios`)
  - home_widget (from `.symlinks/plugins/home_widget/ios`)
  - install_plugin (from `.symlinks/plugins/install_plugin/ios`)
  - path_provider (from `.symlinks/plugins/path_provider/ios`)
  - plain_notification_token (from `.symlinks/plugins/plain_notification_token/ios`)
  - save_in_gallery (from `.symlinks/plugins/save_in_gallery/ios`)
  - share_extend (from `.symlinks/plugins/share_extend/ios`)
  - url_launcher (from `.symlinks/plugins/url_launcher/ios`)
  - webview_cookie_manager (from `.symlinks/plugins/webview_cookie_manager/ios`)
  - wifi_ip (from `.symlinks/plugins/wifi_ip/ios`)

SPEC REPOS:
  trunk:
    - OrderedSet
    - Reachability

EXTERNAL SOURCES:
  alice:
    :path: ".symlinks/plugins/alice/ios"
  connectivity:
    :path: ".symlinks/plugins/connectivity/ios"
  countly_flutter:
    :path: ".symlinks/plugins/countly_flutter/ios"
  external_app_launcher2:
    :path: ".symlinks/plugins/external_app_launcher2/ios"
  Flutter:
    :path: Flutter
  flutter_inappwebview:
    :path: ".symlinks/plugins/flutter_inappwebview/ios"
  flutter_webview_plugin:
    :path: ".symlinks/plugins/flutter_webview_plugin/ios"
  home_widget:
    :path: ".symlinks/plugins/home_widget/ios"
  install_plugin:
    :path: ".symlinks/plugins/install_plugin/ios"
  path_provider:
    :path: ".symlinks/plugins/path_provider/ios"
  plain_notification_token:
    :path: ".symlinks/plugins/plain_notification_token/ios"
  save_in_gallery:
    :path: ".symlinks/plugins/save_in_gallery/ios"
  share_extend:
    :path: ".symlinks/plugins/share_extend/ios"
  url_launcher:
    :path: ".symlinks/plugins/url_launcher/ios"
  webview_cookie_manager:
    :path: ".symlinks/plugins/webview_cookie_manager/ios"
  wifi_ip:
    :path: ".symlinks/plugins/wifi_ip/ios"

SPEC CHECKSUMS:
  alice: 0f49577498c6d1abee1d488e29d0a79a3e2860a1
  connectivity: c4130b2985d4ef6fd26f9702e886bd5260681467
  countly_flutter: 38419412e193a1faa5babeb5d28a63fda260687d
  external_app_launcher2: 78b4ed734b055e77d31c1a549f60c067ec1969e0
  Flutter: 50d75fe2f02b26cc09d224853bb45737f8b3214a
  flutter_inappwebview: bfd58618f49dc62f2676de690fc6dcda1d6c3721
  flutter_webview_plugin: ed9e8a6a96baf0c867e90e1bce2673913eeac694
  home_widget: 2829415127ee92e876f816cbbe44c0b6601b8a37
  install_plugin: a13e7ddd2bab0c701b48cd359c26d0394125b6fb
  OrderedSet: aaeb196f7fef5a9edf55d89760da9176ad40b93c
  path_provider: d1e9807085df1f9cc9318206cd649dc0b76be3de
  plain_notification_token: b36467dc91939a7b6754267c701bbaca14996ee1
  Reachability: 33e18b67625424e47b6cde6d202dce689ad7af96
  save_in_gallery: 75c1d76566ed1af3a266f25b38c6c19a1d019a66
  share_extend: b6748dc53695587891126a89533b862b92548c7b
  url_launcher: b6e016d912f04be9f5bf6e8e82dc599b7ba59649
  webview_cookie_manager: eaf920722b493bd0f7611b5484771ca53fed03f7
  wifi_ip: a97652dceba35b28465dcf89781f300c91f22de7

PODFILE CHECKSUM: e78b533fd58876e6615751f61a49d346b8e35f08

COCOAPODS: 1.11.2
