PODS:
  - add_2_calendar (0.0.1):
    - Flutter
  - alice (0.0.1):
    - Flutter
  - countly_flutter (21.11.1):
    - Flutter
  - external_app_launcher2 (0.0.1):
    - Flutter
  - Flutter (1.0.0)
  - flutter_inappwebview (0.0.1):
    - Flutter
    - flutter_inappwebview/Core (= 0.0.1)
    - OrderedSet (~> 5.0)
  - flutter_inappwebview/Core (0.0.1):
    - Flutter
    - OrderedSet (~> 5.0)
  - flutter_webview_plugin (0.0.1):
    - Flutter
  - home_widget (0.0.1):
    - Flutter
  - image_save (0.0.1):
    - Flutter
  - OrderedSet (5.0.0)
  - path_provider_ios (0.0.1):
    - Flutter
  - plain_notification_token (0.0.1):
    - Flutter
  - r_upgrade (0.0.1):
    - Flutter
  - share_extend (0.0.1):
    - Flutter
  - url_launcher_ios (0.0.1):
    - Flutter
  - webview_cookie_manager (0.0.1):
    - Flutter
  - wifi_ip (0.0.1):
    - Flutter

DEPENDENCIES:
  - add_2_calendar (from `.symlinks/plugins/add_2_calendar/ios`)
  - alice (from `.symlinks/plugins/alice/ios`)
  - countly_flutter (from `.symlinks/plugins/countly_flutter/ios`)
  - external_app_launcher2 (from `.symlinks/plugins/external_app_launcher2/ios`)
  - Flutter (from `Flutter`)
  - flutter_inappwebview (from `.symlinks/plugins/flutter_inappwebview/ios`)
  - flutter_webview_plugin (from `.symlinks/plugins/flutter_webview_plugin/ios`)
  - home_widget (from `.symlinks/plugins/home_widget/ios`)
  - image_save (from `.symlinks/plugins/image_save/ios`)
  - path_provider_ios (from `.symlinks/plugins/path_provider_ios/ios`)
  - plain_notification_token (from `.symlinks/plugins/plain_notification_token/ios`)
  - r_upgrade (from `.symlinks/plugins/r_upgrade/ios`)
  - share_extend (from `.symlinks/plugins/share_extend/ios`)
  - url_launcher_ios (from `.symlinks/plugins/url_launcher_ios/ios`)
  - webview_cookie_manager (from `.symlinks/plugins/webview_cookie_manager/ios`)
  - wifi_ip (from `.symlinks/plugins/wifi_ip/ios`)

SPEC REPOS:
  trunk:
    - OrderedSet

EXTERNAL SOURCES:
  add_2_calendar:
    :path: ".symlinks/plugins/add_2_calendar/ios"
  alice:
    :path: ".symlinks/plugins/alice/ios"
  countly_flutter:
    :path: ".symlinks/plugins/countly_flutter/ios"
  external_app_launcher2:
    :path: ".symlinks/plugins/external_app_launcher2/ios"
  Flutter:
    :path: Flutter
  flutter_inappwebview:
    :path: ".symlinks/plugins/flutter_inappwebview/ios"
  flutter_webview_plugin:
    :path: ".symlinks/plugins/flutter_webview_plugin/ios"
  home_widget:
    :path: ".symlinks/plugins/home_widget/ios"
  image_save:
    :path: ".symlinks/plugins/image_save/ios"
  path_provider_ios:
    :path: ".symlinks/plugins/path_provider_ios/ios"
  plain_notification_token:
    :path: ".symlinks/plugins/plain_notification_token/ios"
  r_upgrade:
    :path: ".symlinks/plugins/r_upgrade/ios"
  share_extend:
    :path: ".symlinks/plugins/share_extend/ios"
  url_launcher_ios:
    :path: ".symlinks/plugins/url_launcher_ios/ios"
  webview_cookie_manager:
    :path: ".symlinks/plugins/webview_cookie_manager/ios"
  wifi_ip:
    :path: ".symlinks/plugins/wifi_ip/ios"

SPEC CHECKSUMS:
  add_2_calendar: e9d68636aed37fb18e12f5a3d74c2e0589487af0
  alice: 0f49577498c6d1abee1d488e29d0a79a3e2860a1
  countly_flutter: a60e75a53f951affb253ae1b75e2d64a876141c0
  external_app_launcher2: a34077d93bc72ea1d502ce4930c5d9085a0f75e5
  Flutter: 50d75fe2f02b26cc09d224853bb45737f8b3214a
  flutter_inappwebview: bfd58618f49dc62f2676de690fc6dcda1d6c3721
  flutter_webview_plugin: ed9e8a6a96baf0c867e90e1bce2673913eeac694
  home_widget: 2829415127ee92e876f816cbbe44c0b6601b8a37
  image_save: 66ab41fa2c60bc9569e55563ea287cced7b79fd1
  OrderedSet: aaeb196f7fef5a9edf55d89760da9176ad40b93c
  path_provider_ios: 14f3d2fd28c4fdb42f44e0f751d12861c43cee02
  plain_notification_token: b36467dc91939a7b6754267c701bbaca14996ee1
  r_upgrade: 44d715c61914cce3d01ea225abffe894fd51c114
  share_extend: b6748dc53695587891126a89533b862b92548c7b
  url_launcher_ios: 839c58cdb4279282219f5e248c3321761ff3c4de
  webview_cookie_manager: eaf920722b493bd0f7611b5484771ca53fed03f7
  wifi_ip: a97652dceba35b28465dcf89781f300c91f22de7

PODFILE CHECKSUM: e78b533fd58876e6615751f61a49d346b8e35f08

COCOAPODS: 1.11.3
